
Microsoft Visual Studio Solution File, Format Version 12.00
# Visual Studio Version 17
VisualStudioVersion = 17.13.35931.197 d17.13
MinimumVisualStudioVersion = 10.0.40219.1
Project("{FAE04EC0-301F-11D3-BF4B-00C04F79EFBC}") = "FargoSoulsSOTS", "FargoSoulsSOTS.csproj", "{A5FC8B5D-010C-D771-157C-BFA930D27B4F}"
EndProject
Global
	GlobalSection(SolutionConfigurationPlatforms) = preSolution
		Debug|Any CPU = Debug|Any CPU
		Release|Any CPU = Release|Any CPU
	EndGlobalSection
	GlobalSection(ProjectConfigurationPlatforms) = postSolution
		{A5FC8B5D-010C-D771-157C-BFA930D27B4F}.Debug|Any CPU.ActiveCfg = Debug|Any CPU
		{A5FC8B5D-010C-D771-157C-BFA930D27B4F}.Debug|Any CPU.Build.0 = Debug|Any CPU
		{A5FC8B5D-010C-D771-157C-BFA930D27B4F}.Release|Any CPU.ActiveCfg = Release|Any CPU
		{A5FC8B5D-010C-D771-157C-BFA930D27B4F}.Release|Any CPU.Build.0 = Release|Any CPU
	EndGlobalSection
	GlobalSection(SolutionProperties) = preSolution
		HideSolutionNode = FALSE
	EndGlobalSection
	GlobalSection(ExtensibilityGlobals) = postSolution
		SolutionGuid = {66C7AE12-C5EB-43D3-A867-FA0C7E557906}
	EndGlobalSection
EndGlobal
